
Microsoft Visual Studio Solution File, Format Version 12.00
Project("{FAE04EC0-301F-11D3-BF4B-00C04F79EFBC}") = "Atlas", "Atlas\Atlas.csproj", "{C194C450-5D57-4E2A-86DE-D98CB4B70C79}"
EndProject
Project("{FAE04EC0-301F-11D3-BF4B-00C04F79EFBC}") = "AtlasEditor", "AtlasEditor\AtlasEditor.csproj", "{DA6EF598-FC9B-4E21-A4A3-C244544E2F1B}"
EndProject
Global
	GlobalSection(SolutionConfigurationPlatforms) = preSolution
		Debug|Any CPU = Debug|Any CPU
		Release|Any CPU = Release|Any CPU
	EndGlobalSection
	GlobalSection(ProjectConfigurationPlatforms) = postSolution
		{C194C450-5D57-4E2A-86DE-D98CB4B70C79}.Debug|Any CPU.ActiveCfg = Debug|Any CPU
		{C194C450-5D57-4E2A-86DE-D98CB4B70C79}.Debug|Any CPU.Build.0 = Debug|Any CPU
		{C194C450-5D57-4E2A-86DE-D98CB4B70C79}.Release|Any CPU.ActiveCfg = Release|Any CPU
		{C194C450-5D57-4E2A-86DE-D98CB4B70C79}.Release|Any CPU.Build.0 = Release|Any CPU
		{DA6EF598-FC9B-4E21-A4A3-C244544E2F1B}.Debug|Any CPU.ActiveCfg = Debug|Any CPU
		{DA6EF598-FC9B-4E21-A4A3-C244544E2F1B}.Debug|Any CPU.Build.0 = Debug|Any CPU
		{DA6EF598-FC9B-4E21-A4A3-C244544E2F1B}.Release|Any CPU.ActiveCfg = Release|Any CPU
		{DA6EF598-FC9B-4E21-A4A3-C244544E2F1B}.Release|Any CPU.Build.0 = Release|Any CPU
	EndGlobalSection
EndGlobal
